{
  "name": "nlppackagetea",
  "version": "1.0.1",
  "lockfileVersion": 2,
  "requires": true,
  "packages": {
    "": {
      "name": "nlppackagetea",
      "version": "1.0.1",
      "license": "MIT",
      "dependencies": {
        "interactivedatavisualization": "^1.0.3"
      }
    },
    "node_modules/interactivedatavisualization": {
      "version": "1.0.3",
      "resolved": "https://registry.npmjs.org/interactivedatavisualization/-/interactivedatavisualization-1.0.3.tgz",
      "integrity": "sha512-j86fWuhQt7zLvCq5j7RQ2TCTpQwEQq33D0x6x8at/qL5eP1RljLkb76lYawUgKvdCesCHYatCHzNpvukOmlF4Q=="
    }
  },
  "dependencies": {
    "interactivedatavisualization": {
      "version": "1.0.3",
      "resolved": "https://registry.npmjs.org/interactivedatavisualization/-/interactivedatavisualization-1.0.3.tgz",
      "integrity": "sha512-j86fWuhQt7zLvCq5j7RQ2TCTpQwEQq33D0x6x8at/qL5eP1RljLkb76lYawUgKvdCesCHYatCHzNpvukOmlF4Q=="
    }
  }
}
